// !$*UTF8*$!
{
	archiveVersion = 1;
	classes = {
	};
	objectVersion = 46;
	objects = {

/* Begin PBXBuildFile section */
		49DEE1D71E381AB30060DE70 /* main.m in Sources */ = {isa = PBXBuildFile; fileRef = 49DEE1D61E381AB30060DE70 /* main.m */; };
		49DEE1DF1E381AFF0060DE70 /* Largest.m in Sources */ = {isa = PBXBuildFile; fileRef = 49DEE1DE1E381AFF0060DE70 /* Largest.m */; };
/* End PBXBuildFile section */

/* Begin PBXCopyFilesBuildPhase section */
		49DEE1D11E381AB30060DE70 /* CopyFiles */ = {
			isa = PBXCopyFilesBuildPhase;
			buildActionMask = 2147483647;
			dstPath = /usr/share/man/man1/;
			dstSubfolderSpec = 0;
			files = (
			);
			runOnlyForDeploymentPostprocessing = 1;
		};
/* End PBXCopyFilesBuildPhase section */

/* Begin PBXFileReference section */
		49DEE1D31E381AB30060DE70 /* Largest Number */ = {isa = PBXFileReference; explicitFileType = "compiled.mach-o.executable"; includeInIndex = 0; path = "Largest Number"; sourceTree = BUILT_PRODUCTS_DIR; };
		49DEE1D61E381AB30060DE70 /* main.m */ = {isa = PBXFileReference; lastKnownFileType = sourcecode.c.objc; path = main.m; sourceTree = "<group>"; };
		49DEE1DD1E381AF30060DE70 /* Largest.h */ = {isa = PBXFileReference; lastKnownFileType = sourcecode.c.h; path = Largest.h; sourceTree = "<group>"; };
		49DEE1DE1E381AFF0060DE70 /* Largest.m */ = {isa = PBXFileReference; fileEncoding = 4; lastKnownFileType = sourcecode.c.objc; path = Largest.m; sourceTree = "<group>"; };
/* End PBXFileReference section */

/* Begin PBXFrameworksBuildPhase section */
		49DEE1D01E381AB30060DE70 /* Frameworks */ = {
			isa = PBXFrameworksBuildPhase;
			buildActionMask = 2147483647;
			files = (
			);
			runOnlyForDeploymentPostprocessing = 0;
		};
/* End PBXFrameworksBuildPhase section */

/* Begin PBXGroup section */
		49DEE1CA1E381AB30060DE70 = {
			isa = PBXGroup;
			children = (
				49DEE1D51E381AB30060DE70 /* Largest Number */,
				49DEE1D41E381AB30060DE70 /* Products */,
			);
			sourceTree = "<group>";
		};
		49DEE1D41E381AB30060DE70 /* Products */ = {
			isa = PBXGroup;
			children = (
				49DEE1D31E381AB30060DE70 /* Largest Number */,
			);
			name = Products;
			sourceTree = "<group>";
		};
		49DEE1D51E381AB30060DE70 /* Largest Number */ = {
			isa = PBXGroup;
			children = (
				49DEE1D61E381AB30060DE70 /* main.m */,
				49DEE1DD1E381AF30060DE70 /* Largest.h */,
				49DEE1DE1E381AFF0060DE70 /* Largest.m */,
			);
			path = "Largest Number";
			sourceTree = "<group>";
		};
/* End PBXGroup section */

/* Begin PBXNativeTarget section */
		49DEE1D21E381AB30060DE70 /* Largest Number */ = {
			isa = PBXNativeTarget;
			buildConfigurationList = 49DEE1DA1E381AB30060DE70 /* Build configuration list for PBXNativeTarget "Largest Number" */;
			buildPhases = (
				49DEE1CF1E381AB30060DE70 /* Sources */,
				49DEE1D01E381AB30060DE70 /* Frameworks */,
				49DEE1D11E381AB30060DE70 /* CopyFiles */,
			);
			buildRules = (
			);
			dependencies = (
			);
			name = "Largest Number";
			productName = "Largest Number";
			productReference = 49DEE1D31E381AB30060DE70 /* Largest Number */;
			productType = "com.apple.product-type.tool";
		};
/* End PBXNativeTarget section */

/* Begin PBXProject section */
		49DEE1CB1E381AB30060DE70 /* Project object */ = {
			isa = PBXProject;
			attributes = {
				LastUpgradeCheck = 0820;
				ORGANIZATIONNAME = KSG;
				TargetAttributes = {
					49DEE1D21E381AB30060DE70 = {
						CreatedOnToolsVersion = 8.2.1;
						ProvisioningStyle = Automatic;
					};
				};
			};
			buildConfigurationList = 49DEE1CE1E381AB30060DE70 /* Build configuration list for PBXProject "Largest Number" */;
			compatibilityVersion = "Xcode 3.2";
			developmentRegion = English;
			hasScannedForEncodings = 0;
			knownRegions = (
				en,
			);
			mainGroup = 49DEE1CA1E381AB30060DE70;
			productRefGroup = 49DEE1D41E381AB30060DE70 /* Products */;
			projectDirPath = "";
			projectRoot = "";
			targets = (
				49DEE1D21E381AB30060DE70 /* Largest Number */,
			);
		};
/* End PBXProject section */

/* Begin PBXSourcesBuildPhase section */
		49DEE1CF1E381AB30060DE70 /* Sources */ = {
			isa = PBXSourcesBuildPhase;
			buildActionMask = 2147483647;
			files = (
				49DEE1DF1E381AFF0060DE70 /* Largest.m in Sources */,
				49DEE1D71E381AB30060DE70 /* main.m in Sources */,
			);
			runOnlyForDeploymentPostprocessing = 0;
		};
/* End PBXSourcesBuildPhase section */

/* Begin XCBuildConfiguration section */
		49DEE1D81E381AB30060DE70 /* Debug */ = {
			isa = XCBuildConfiguration;
			buildSettings = {
				ALWAYS_SEARCH_USER_PATHS = NO;
				CLANG_ANALYZER_NONNULL = YES;
				CLANG_CXX_LANGUAGE_STANDARD = "gnu++0x";
				CLANG_CXX_LIBRARY = "libc++";
				CLANG_ENABLE_MODULES = YES;
				CLANG_ENABLE_OBJC_ARC = YES;
				CLANG_WARN_BOOL_CONVERSION = YES;
				CLANG_WARN_CONSTANT_CONVERSION = YES;
				CLANG_WARN_DIRECT_OBJC_ISA_USAGE = YES_ERROR;
				CLANG_WARN_DOCUMENTATION_COMMENTS = YES;
				CLANG_WARN_EMPTY_BODY = YES;
				CLANG_WARN_ENUM_CONVERSION = YES;
				CLANG_WARN_INFINITE_RECURSION = YES;
				CLANG_WARN_INT_CONVERSION = YES;
				CLANG_WARN_OBJC_ROOT_CLASS = YES_ERROR;
				CLANG_WARN_SUSPICIOUS_MOVE = YES;
				CLANG_WARN_UNREACHABLE_CODE = YES;
				CLANG_WARN__DUPLICATE_METHOD_MATCH = YES;
				CODE_SIGN_IDENTITY = "-";
				COPY_PHASE_STRIP = NO;
				DEBUG_INFORMATION_FORMAT = dwarf;
				ENABLE_STRICT_OBJC_MSGSEND = YES;
				ENABLE_TESTABILITY = YES;
				GCC_C_LANGUAGE_STANDARD = gnu99;
				GCC_DYNAMIC_NO_PIC = NO;
				GCC_NO_COMMON_BLOCKS = YES;
				GCC_OPTIMIZATION_LEVEL = 0;
				GCC_PREPROCESSOR_DEFINITIONS = (
					"DEBUG=1",
					"$(inherited)",
				);
				GCC_WARN_64_TO_32_BIT_CONVERSION = YES;
				GCC_WARN_ABOUT_RETURN_TYPE = YES_ERROR;
				GCC_WARN_UNDECLARED_SELECTOR = YES;
				GCC_WARN_UNINITIALIZED_AUTOS = YES_AGGRESSIVE;
				GCC_WARN_UNUSED_FUNCTION = YES;
				GCC_WARN_UNUSED_VARIABLE = YES;
				MACOSX_DEPLOYMENT_TARGET = 10.12;
				MTL_ENABLE_DEBUG_INFO = YES;
				ONLY_ACTIVE_ARCH = YES;
				SDKROOT = macosx;
			};
			name = Debug;
		};
		49DEE1D91E381AB30060DE70 /* Release */ = {
			isa = XCBuildConfiguration;
			buildSettings = {
				ALWAYS_SEARCH_USER_PATHS = NO;
				CLANG_ANALYZER_NONNULL = YES;
				CLANG_CXX_LANGUAGE_STANDARD = "gnu++0x";
				CLANG_CXX_LIBRARY = "libc++";
				CLANG_ENABLE_MODULES = YES;
				CLANG_ENABLE_OBJC_ARC = YES;
				CLANG_WARN_BOOL_CONVERSION = YES;
				CLANG_WARN_CONSTANT_CONVERSION = YES;
				CLANG_WARN_DIRECT_OBJC_ISA_USAGE = YES_ERROR;
				CLANG_WARN_DOCUMENTATION_COMMENTS = YES;
				CLANG_WARN_EMPTY_BODY = YES;
				CLANG_WARN_ENUM_CONVERSION = YES;
				CLANG_WARN_INFINITE_RECURSION = YES;
				CLANG_WARN_INT_CONVERSION = YES;
				CLANG_WARN_OBJC_ROOT_CLASS = YES_ERROR;
				CLANG_WARN_SUSPICIOUS_MOVE = YES;
				CLANG_WARN_UNREACHABLE_CODE = YES;
				CLANG_WARN__DUPLICATE_METHOD_MATCH = YES;
				CODE_SIGN_IDENTITY = "-";
				COPY_PHASE_STRIP = NO;
				DEBUG_INFORMATION_FORMAT = "dwarf-with-dsym";
				ENABLE_NS_ASSERTIONS = NO;
				ENABLE_STRICT_OBJC_MSGSEND = YES;
				GCC_C_LANGUAGE_STANDARD = gnu99;
				GCC_NO_COMMON_BLOCKS = YES;
				GCC_WARN_64_TO_32_BIT_CONVERSION = YES;
				GCC_WARN_ABOUT_RETURN_TYPE = YES_ERROR;
				GCC_WARN_UNDECLARED_SELECTOR = YES;
				GCC_WARN_UNINITIALIZED_AUTOS = YES_AGGRESSIVE;
				GCC_WARN_UNUSED_FUNCTION = YES;
				GCC_WARN_UNUSED_VARIABLE = YES;
				MACOSX_DEPLOYMENT_TARGET = 10.12;
				MTL_ENABLE_DEBUG_INFO = NO;
				SDKROOT = macosx;
			};
			name = Release;
		};
		49DEE1DB1E381AB30060DE70 /* Debug */ = {
			isa = XCBuildConfiguration;
			buildSettings = {
				PRODUCT_NAME = "$(TARGET_NAME)";
			};
			name = Debug;
		};
		49DEE1DC1E381AB30060DE70 /* Release */ = {
			isa = XCBuildConfiguration;
			buildSettings = {
				PRODUCT_NAME = "$(TARGET_NAME)";
			};
			name = Release;
		};
/* End XCBuildConfiguration section */

/* Begin XCConfigurationList section */
		49DEE1CE1E381AB30060DE70 /* Build configuration list for PBXProject "Largest Number" */ = {
			isa = XCConfigurationList;
			buildConfigurations = (
				49DEE1D81E381AB30060DE70 /* Debug */,
				49DEE1D91E381AB30060DE70 /* Release */,
			);
			defaultConfigurationIsVisible = 0;
			defaultConfigurationName = Release;
		};
		49DEE1DA1E381AB30060DE70 /* Build configuration list for PBXNativeTarget "Largest Number" */ = {
			isa = XCConfigurationList;
			buildConfigurations = (
				49DEE1DB1E381AB30060DE70 /* Debug */,
				49DEE1DC1E381AB30060DE70 /* Release */,
			);
			defaultConfigurationIsVisible = 0;
		};
/* End XCConfigurationList section */
	};
	rootObject = 49DEE1CB1E381AB30060DE70 /* Project object */;
}
